
Microsoft Visual Studio Solution File, Format Version 12.00
# Visual Studio 15
VisualStudioVersion = 15.0.27703.2042
MinimumVisualStudioVersion = 10.0.40219.1
Project("{FAE04EC0-301F-11D3-BF4B-00C04F79EFBC}") = "ClockRadio", "ClockRadio\ClockRadio.csproj", "{78AB6108-7063-463D-84A4-6D8FB3FC1F7D}"
EndProject
Global
	GlobalSection(SolutionConfigurationPlatforms) = preSolution
		Debug|Any CPU = Debug|Any CPU
		Release|Any CPU = Release|Any CPU
	EndGlobalSection
	GlobalSection(ProjectConfigurationPlatforms) = postSolution
		{78AB6108-7063-463D-84A4-6D8FB3FC1F7D}.Debug|Any CPU.ActiveCfg = Debug|Any CPU
		{78AB6108-7063-463D-84A4-6D8FB3FC1F7D}.Debug|Any CPU.Build.0 = Debug|Any CPU
		{78AB6108-7063-463D-84A4-6D8FB3FC1F7D}.Release|Any CPU.ActiveCfg = Release|Any CPU
		{78AB6108-7063-463D-84A4-6D8FB3FC1F7D}.Release|Any CPU.Build.0 = Release|Any CPU
	EndGlobalSection
	GlobalSection(SolutionProperties) = preSolution
		HideSolutionNode = FALSE
	EndGlobalSection
	GlobalSection(ExtensibilityGlobals) = postSolution
		SolutionGuid = {662FCB17-A216-4501-8C72-CA3A49F14B35}
	EndGlobalSection
EndGlobal
